PODS:
  - Alamofire (4.7.2)
  - Bolts/Tasks (1.9.0)
  - Parse (1.17.1):
    - Parse/Core (= 1.17.1)
  - Parse/Core (1.17.1):
    - Bolts/Tasks (~> 1.9)
  - ParseUI (1.2.0):
    - Bolts/Tasks (~> 1.3)
    - Parse (~> 1.9)

DEPENDENCIES:
  - Alamofire
  - ParseUI

SPEC REPOS:
  https://github.com/CocoaPods/Specs.git:
    - Alamofire
    - Bolts
    - Parse
    - ParseUI

SPEC CHECKSUMS:
  Alamofire: e4fa87002c137ba2d8d634d2c51fabcda0d5c223
  Bolts: ac6567323eac61e203f6a9763667d0f711be34c8
  Parse: d3edaf8c7c722cb33cb83ba7821d015ae32d362d
  ParseUI: 2b37a0bc692a3e7666cf0c37b5521dfddd74a1af

PODFILE CHECKSUM: ec77942728f36adf1e7a183d6b5ec7e6beeef486

COCOAPODS: 1.5.0
