PODS:
  - Alamofire (4.7.2)
  - Bolts/Tasks (1.9.0)
  - Canvas (0.1.2)
  - ESTabBarController-swift (2.6.2)
  - FormatterKit (1.8.2):
    - FormatterKit/AddressFormatter (= 1.8.2)
    - FormatterKit/ArrayFormatter (= 1.8.2)
    - FormatterKit/ColorFormatter (= 1.8.2)
    - FormatterKit/LocationFormatter (= 1.8.2)
    - FormatterKit/NameFormatter (= 1.8.2)
    - FormatterKit/OrdinalNumberFormatter (= 1.8.2)
    - FormatterKit/Resources (= 1.8.2)
    - FormatterKit/TimeIntervalFormatter (= 1.8.2)
    - FormatterKit/UnitOfInformationFormatter (= 1.8.2)
    - FormatterKit/URLRequestFormatter (= 1.8.2)
  - FormatterKit/AddressFormatter (1.8.2):
    - FormatterKit/Resources
  - FormatterKit/ArrayFormatter (1.8.2):
    - FormatterKit/Resources
  - FormatterKit/ColorFormatter (1.8.2):
    - FormatterKit/Resources
  - FormatterKit/LocationFormatter (1.8.2):
    - FormatterKit/Resources
  - FormatterKit/NameFormatter (1.8.2):
    - FormatterKit/Resources
  - FormatterKit/OrdinalNumberFormatter (1.8.2):
    - FormatterKit/Resources
  - FormatterKit/Resources (1.8.2)
  - FormatterKit/TimeIntervalFormatter (1.8.2):
    - FormatterKit/Resources
  - FormatterKit/UnitOfInformationFormatter (1.8.2):
    - FormatterKit/Resources
  - FormatterKit/URLRequestFormatter (1.8.2):
    - FormatterKit/Resources
  - Parse (1.17.1):
    - Parse/Core (= 1.17.1)
  - Parse/Core (1.17.1):
    - Bolts/Tasks (~> 1.9)
  - ParseUI (1.2.0):
    - Bolts/Tasks (~> 1.3)
    - Parse (~> 1.9)
  - Realm (3.7.5):
    - Realm/Headers (= 3.7.5)
  - Realm/Headers (3.7.5)
  - RealmSwift (3.7.5):
    - Realm (= 3.7.5)
  - SDWebImage (4.4.2):
    - SDWebImage/Core (= 4.4.2)
  - SDWebImage/Core (4.4.2)

DEPENDENCIES:
  - Alamofire
  - Canvas
  - ESTabBarController-swift
  - FormatterKit (~> 1.8)
  - ParseUI
  - RealmSwift
  - SDWebImage (~> 4.0)

SPEC REPOS:
  https://github.com/CocoaPods/Specs.git:
    - Alamofire
    - Bolts
    - Canvas
    - ESTabBarController-swift
    - FormatterKit
    - Parse
    - ParseUI
    - Realm
    - RealmSwift
    - SDWebImage

SPEC CHECKSUMS:
  Alamofire: e4fa87002c137ba2d8d634d2c51fabcda0d5c223
  Bolts: ac6567323eac61e203f6a9763667d0f711be34c8
  Canvas: eb861e3b555d032648146c8ffda1a5dea40059ca
  ESTabBarController-swift: f0a8679e43df1e60b7b36bbcaf1dc98ba6273c7d
  FormatterKit: 4b8f29acc9b872d5d12a63efb560661e8f2e1b98
  Parse: d3edaf8c7c722cb33cb83ba7821d015ae32d362d
  ParseUI: 2b37a0bc692a3e7666cf0c37b5521dfddd74a1af
  Realm: c286caf4dbf346ce24aad49ca76c7ce622d4a082
  RealmSwift: 2a9281e37d6de55f66f76254d49d28aeb1b729e4
  SDWebImage: 624d6e296c69b244bcede364c72ae0430ac14681

PODFILE CHECKSUM: ef8c7675acf518adfd4fecc45946d10d0f46032d

COCOAPODS: 1.5.0
